
Microsoft Visual Studio Solution File, Format Version 12.00
# Visual Studio Version 16
VisualStudioVersion = 16.0.31605.320
MinimumVisualStudioVersion = 10.0.40219.1
Project("{FAE04EC0-301F-11D3-BF4B-00C04F79EFBC}") = "eTickets", "eTickets\eTickets.csproj", "{F64B9519-B88F-4C1D-9B7C-16A4AA36F6E5}"
EndProject
Global
	GlobalSection(SolutionConfigurationPlatforms) = preSolution
		Debug|Any CPU = Debug|Any CPU
		Release|Any CPU = Release|Any CPU
	EndGlobalSection
	GlobalSection(ProjectConfigurationPlatforms) = postSolution
		{F64B9519-B88F-4C1D-9B7C-16A4AA36F6E5}.Debug|Any CPU.ActiveCfg = Debug|Any CPU
		{F64B9519-B88F-4C1D-9B7C-16A4AA36F6E5}.Debug|Any CPU.Build.0 = Debug|Any CPU
		{F64B9519-B88F-4C1D-9B7C-16A4AA36F6E5}.Release|Any CPU.ActiveCfg = Release|Any CPU
		{F64B9519-B88F-4C1D-9B7C-16A4AA36F6E5}.Release|Any CPU.Build.0 = Release|Any CPU
	EndGlobalSection
	GlobalSection(SolutionProperties) = preSolution
		HideSolutionNode = FALSE
	EndGlobalSection
	GlobalSection(ExtensibilityGlobals) = postSolution
		SolutionGuid = {2E9073D2-D3CB-47A5-AD6B-D9CCC02696E1}
	EndGlobalSection
EndGlobal
